
Microsoft Visual Studio Solution File, Format Version 12.00
# Visual Studio 15
VisualStudioVersion = 15.0.28307.271
MinimumVisualStudioVersion = 10.0.40219.1
Project("{888888A0-9F3D-457C-B088-3A5042F75D52}") = "MPGU_schedule", "MPGU_schedule\MPGU_schedule.pyproj", "{BCC53016-B3E1-41D6-8C5C-44EDEFA7113D}"
EndProject
Global
	GlobalSection(SolutionConfigurationPlatforms) = preSolution
		Debug|Any CPU = Debug|Any CPU
		Release|Any CPU = Release|Any CPU
	EndGlobalSection
	GlobalSection(ProjectConfigurationPlatforms) = postSolution
		{BCC53016-B3E1-41D6-8C5C-44EDEFA7113D}.Debug|Any CPU.ActiveCfg = Debug|Any CPU
		{BCC53016-B3E1-41D6-8C5C-44EDEFA7113D}.Release|Any CPU.ActiveCfg = Release|Any CPU
	EndGlobalSection
	GlobalSection(SolutionProperties) = preSolution
		HideSolutionNode = FALSE
	EndGlobalSection
	GlobalSection(ExtensibilityGlobals) = postSolution
		SolutionGuid = {06B17B60-ACA0-41D1-913E-67DC2AE8232E}
	EndGlobalSection
EndGlobal
